
Microsoft Visual Studio Solution File, Format Version 12.00
# Visual Studio Version 16
VisualStudioVersion = 16.0.30803.129
MinimumVisualStudioVersion = 10.0.40219.1
Project("{FAE04EC0-301F-11D3-BF4B-00C04F79EFBC}") = "jquery-autocomplete-aspnet-mvc-core", "jquery-autocomplete-aspnet-mvc-core\jquery-autocomplete-aspnet-mvc-core.csproj", "{A516E567-2086-4F21-9F10-8D48A218CC95}"
EndProject
Global
	GlobalSection(SolutionConfigurationPlatforms) = preSolution
		Debug|Any CPU = Debug|Any CPU
		Release|Any CPU = Release|Any CPU
	EndGlobalSection
	GlobalSection(ProjectConfigurationPlatforms) = postSolution
		{A516E567-2086-4F21-9F10-8D48A218CC95}.Debug|Any CPU.ActiveCfg = Debug|Any CPU
		{A516E567-2086-4F21-9F10-8D48A218CC95}.Debug|Any CPU.Build.0 = Debug|Any CPU
		{A516E567-2086-4F21-9F10-8D48A218CC95}.Release|Any CPU.ActiveCfg = Release|Any CPU
		{A516E567-2086-4F21-9F10-8D48A218CC95}.Release|Any CPU.Build.0 = Release|Any CPU
	EndGlobalSection
	GlobalSection(SolutionProperties) = preSolution
		HideSolutionNode = FALSE
	EndGlobalSection
	GlobalSection(ExtensibilityGlobals) = postSolution
		SolutionGuid = {FFC1839A-BE0D-4D79-8B9F-C5907F41EDBA}
	EndGlobalSection
EndGlobal
